
Microsoft Visual Studio Solution File, Format Version 12.00
# Visual Studio Version 16
VisualStudioVersion = 16.0.30413.136
MinimumVisualStudioVersion = 10.0.40219.1
Project("{9A19103F-16F7-4668-BE54-9A1E7A4F7556}") = "GearsetAssessment", "GearsetAssessment\GearsetAssessment.csproj", "{40D08AEF-60E5-4B8F-BCAF-6101871DFF44}"
EndProject
Project("{FAE04EC0-301F-11D3-BF4B-00C04F79EFBC}") = "GearsetAssessment.Test", "GearsetAssessment.Test\GearsetAssessment.Test.csproj", "{FF0DF6EB-B056-4E66-BA8E-F249CC0AEEB1}"
EndProject
Global
	GlobalSection(SolutionConfigurationPlatforms) = preSolution
		Debug|Any CPU = Debug|Any CPU
		Release|Any CPU = Release|Any CPU
	EndGlobalSection
	GlobalSection(ProjectConfigurationPlatforms) = postSolution
		{40D08AEF-60E5-4B8F-BCAF-6101871DFF44}.Debug|Any CPU.ActiveCfg = Debug|Any CPU
		{40D08AEF-60E5-4B8F-BCAF-6101871DFF44}.Debug|Any CPU.Build.0 = Debug|Any CPU
		{40D08AEF-60E5-4B8F-BCAF-6101871DFF44}.Release|Any CPU.ActiveCfg = Release|Any CPU
		{40D08AEF-60E5-4B8F-BCAF-6101871DFF44}.Release|Any CPU.Build.0 = Release|Any CPU
		{FF0DF6EB-B056-4E66-BA8E-F249CC0AEEB1}.Debug|Any CPU.ActiveCfg = Debug|Any CPU
		{FF0DF6EB-B056-4E66-BA8E-F249CC0AEEB1}.Debug|Any CPU.Build.0 = Debug|Any CPU
		{FF0DF6EB-B056-4E66-BA8E-F249CC0AEEB1}.Release|Any CPU.ActiveCfg = Release|Any CPU
		{FF0DF6EB-B056-4E66-BA8E-F249CC0AEEB1}.Release|Any CPU.Build.0 = Release|Any CPU
	EndGlobalSection
	GlobalSection(SolutionProperties) = preSolution
		HideSolutionNode = FALSE
	EndGlobalSection
	GlobalSection(ExtensibilityGlobals) = postSolution
		SolutionGuid = {EE776B53-A078-486A-8509-DFFF7F1DB2ED}
	EndGlobalSection
EndGlobal
